{
  "name": "three-mcmodel",
  "version": "0.0.7",
  "lockfileVersion": 1,
  "requires": true,
  "dependencies": {
    "@types/three": {
      "version": "0.93.1",
      "resolved": "https://registry.npmjs.org/@types/three/-/three-0.93.1.tgz",
      "integrity": "sha512-MndmryBB2OE7CuWCzqbkQ3elndP07RysBSGjv6tAehg1bLnVnGgVNikOBoLF1+1hWrYwEIt3GxLrmsAzIeWnww==",
      "dev": true
    },
    "three": {
      "version": "0.97.0",
      "resolved": "https://registry.npmjs.org/three/-/three-0.97.0.tgz",
      "integrity": "sha512-ctZF79O1R2aMIDnz9cV5GUIONyFnYvfQKg4+EAwEVaEr1mgy99rglstH6hhRdIThu3SOa4Ns5da/Ee5fTbWc9A=="
    },
    "typescript": {
      "version": "3.1.3",
      "resolved": "https://registry.npmjs.org/typescript/-/typescript-3.1.3.tgz",
      "integrity": "sha512-+81MUSyX+BaSo+u2RbozuQk/UWx6hfG0a5gHu4ANEM4sU96XbuIyAB+rWBW1u70c6a5QuZfuYICn3s2UjuHUpA==",
      "dev": true
    }
  }
}
